
Microsoft Visual Studio Solution File, Format Version 12.00
# Visual Studio Version 16
VisualStudioVersion = 16.0.30717.126
MinimumVisualStudioVersion = 10.0.40219.1
Project("{FAE04EC0-301F-11D3-BF4B-00C04F79EFBC}") = "PoGoBattleHelper", "PoGoBattleHelper.csproj", "{E35EC615-F15E-49AB-A519-70E13ED86271}"
EndProject
Global
	GlobalSection(SolutionConfigurationPlatforms) = preSolution
		Debug|Any CPU = Debug|Any CPU
		Release|Any CPU = Release|Any CPU
	EndGlobalSection
	GlobalSection(ProjectConfigurationPlatforms) = postSolution
		{E35EC615-F15E-49AB-A519-70E13ED86271}.Debug|Any CPU.ActiveCfg = Debug|Any CPU
		{E35EC615-F15E-49AB-A519-70E13ED86271}.Debug|Any CPU.Build.0 = Debug|Any CPU
		{E35EC615-F15E-49AB-A519-70E13ED86271}.Release|Any CPU.ActiveCfg = Release|Any CPU
		{E35EC615-F15E-49AB-A519-70E13ED86271}.Release|Any CPU.Build.0 = Release|Any CPU
	EndGlobalSection
	GlobalSection(SolutionProperties) = preSolution
		HideSolutionNode = FALSE
	EndGlobalSection
	GlobalSection(ExtensibilityGlobals) = postSolution
		SolutionGuid = {7CA4B14F-E391-4F7A-A351-48118EEF7CEB}
	EndGlobalSection
EndGlobal
